# THIS IS AN AUTOGENERATED FILE. DO NOT EDIT THIS FILE DIRECTLY.
# yarn lockfile v1


"@touca/node@^0.0.3":
  version "0.0.3"
  resolved "https://registry.yarnpkg.com/@touca/node/-/node-0.0.3.tgz#fc34f92897a0310bb1b1e61c61ded210737e12a7"
  integrity sha512-HluM1cibggKdG0vxTb/GISVWPk/l7daMQpCc3h3OyV5Gs1V6xcIAeS48YXXAuJ7a7LmUznhc1nVRa8i5HrPo/A==
  dependencies:
    flatbuffers "^2.0.3"

"@types/node@^16.6.0":
  version "16.6.0"
  resolved "https://registry.yarnpkg.com/@types/node/-/node-16.6.0.tgz#0d5685f85066f94e97f19e8a67fe003c5fadacc4"
  integrity sha512-OyiZPohMMjZEYqcVo/UJ04GyAxXOJEZO/FpzyXxcH4r/ArrVoXHf4MbUrkLp0Tz7/p1mMKpo5zJ6ZHl8XBNthQ==

flatbuffers@^2.0.3:
  version "2.0.3"
  resolved "https://registry.yarnpkg.com/flatbuffers/-/flatbuffers-2.0.3.tgz#3bfb2c00c0d5acc1a5d219087e0ee25c756f410a"
  integrity sha512-lTN0GS4FjwPY6h8BDDuq8f2ZORIyRgI4pHXzIt7GBsTgyCt2z9OAPiWNaeEaNcjrmuLLzFagEDwpYiqGv5BEWg==
